
Microsoft Visual Studio Solution File, Format Version 12.00
# Visual Studio Version 17
VisualStudioVersion = 17.11.35219.272
MinimumVisualStudioVersion = 10.0.40219.1
Project("{FAE04EC0-301F-11D3-BF4B-00C04F79EFBC}") = "ObjectOrientedPractics", "ObjectOrientedPractics\ObjectOrientedPractics.csproj", "{2BF5EE27-2F46-4ACB-A244-69CD3FD5AB32}"
EndProject
Global
	GlobalSection(SolutionConfigurationPlatforms) = preSolution
		Debug|Any CPU = Debug|Any CPU
		Release|Any CPU = Release|Any CPU
	EndGlobalSection
	GlobalSection(ProjectConfigurationPlatforms) = postSolution
		{2BF5EE27-2F46-4ACB-A244-69CD3FD5AB32}.Debug|Any CPU.ActiveCfg = Debug|Any CPU
		{2BF5EE27-2F46-4ACB-A244-69CD3FD5AB32}.Debug|Any CPU.Build.0 = Debug|Any CPU
		{2BF5EE27-2F46-4ACB-A244-69CD3FD5AB32}.Release|Any CPU.ActiveCfg = Release|Any CPU
		{2BF5EE27-2F46-4ACB-A244-69CD3FD5AB32}.Release|Any CPU.Build.0 = Release|Any CPU
	EndGlobalSection
	GlobalSection(SolutionProperties) = preSolution
		HideSolutionNode = FALSE
	EndGlobalSection
	GlobalSection(ExtensibilityGlobals) = postSolution
		SolutionGuid = {66DD4266-29C2-4425-A458-9B92C99EAB62}
	EndGlobalSection
EndGlobal
